<?xml version="1.0" encoding="utf-8"?>
<Project ToolsVersion="4.0" xmlns="http://schemas.microsoft.com/developer/msbuild/2003">
  <ItemGroup>
    <Filter Include="Source Files">
      <UniqueIdentifier>{4FC737F1-C7A5-4376-A066-2A32D752A2FF}</UniqueIdentifier>
      <Extensions>qml;cpp;c;cc;cxx;def;odl;idl;hpj;bat;asm;asmx</Extensions>
    </Filter>
    <Filter Include="Header Files">
      <UniqueIdentifier>{93995380-89BD-4b04-88EB-625FBE52EBFB}</UniqueIdentifier>
      <Extensions>h;hh;hpp;hxx;hm;inl;inc;xsd</Extensions>
    </Filter>
    <Filter Include="Resource Files">
      <UniqueIdentifier>{67DA6AB6-F800-4c08-8B7A-83BB121AAD01}</UniqueIdentifier>
      <Extensions>qrc;rc;ico;cur;bmp;dlg;rc2;rct;bin;rgs;gif;jpg;jpeg;jpe;resx;tiff;tif;png;wav;mfcribbon-ms</Extensions>
    </Filter>
    <Filter Include="Form Files">
      <UniqueIdentifier>{99349809-55BA-4b9d-BF79-8FDBB0286EB3}</UniqueIdentifier>
      <Extensions>ui</Extensions>
    </Filter>
    <Filter Include="Translation Files">
      <UniqueIdentifier>{639EADAA-A684-42e4-A9AD-28FC9BCB8F7C}</UniqueIdentifier>
      <Extensions>ts</Extensions>
    </Filter>
    <Filter Include="Source Files\EM">
      <UniqueIdentifier>{9B6E6818-86A7-44A4-8D5F-E8AA90F48701}</UniqueIdentifier>
    </Filter>
    <Filter Include="Source Files\Postprocessing">
      <UniqueIdentifier>{35D90553-2081-4B49-BE11-3E9545F33A39}</UniqueIdentifier>
    </Filter>
    <Filter Include="Header Files\EM">
      <UniqueIdentifier>{D26DD75E-BF6D-443A-982F-7324316B041A}</UniqueIdentifier>
    </Filter>
    <Filter Include="Header Files\Postprocessing">
      <UniqueIdentifier>{2853620B-5763-4962-91FC-40E449DDDC47}</UniqueIdentifier>
    </Filter>
  </ItemGroup>
  <ItemGroup>
    <ClCompile Include="calculation_worker.cpp">
      <Filter>Source Files</Filter>
    </ClCompile>
    <ClCompile Include="main.cpp">
      <Filter>Source Files</Filter>
    </ClCompile>
    <ClCompile Include="main_window.cpp">
      <Filter>Source Files</Filter>
    </ClCompile>
    <ClCompile Include="waveguide_calculator.cpp">
      <Filter>Source Files</Filter>
    </ClCompile>
    <ClCompile Include="waveguide_opengl_widget.cpp">
      <Filter>Source Files</Filter>
    </ClCompile>
    <ClCompile Include="em\em_solver_dispatcher.cpp">
      <Filter>Source Files\EM</Filter>
    </ClCompile>
    <ClCompile Include="em\fem_frequency_domain_solver.cpp">
      <Filter>Source Files\EM</Filter>
    </ClCompile>
    <ClCompile Include="em\rectangular_mode_field.cpp">
      <Filter>Source Files\EM</Filter>
    </ClCompile>
    <ClCompile Include="em\transverse_pec_partition_solver.cpp">
      <Filter>Source Files\EM</Filter>
    </ClCompile>
    <ClCompile Include="postprocessing\field_visualization_generator.cpp">
      <Filter>Source Files\Postprocessing</Filter>
    </ClCompile>
    <ClCompile Include="postprocessing\qt_field_glyph_adapter.cpp">
      <Filter>Source Files\Postprocessing</Filter>
    </ClCompile>
    <ClCompile Include="postprocessing\slot_excitation_estimator.cpp">
      <Filter>Source Files\Postprocessing</Filter>
    </ClCompile>
    <ClCompile Include="cst_ribbon.cpp">
      <Filter>Source Files</Filter>
    </ClCompile>
    <ClCompile Include="expression_spin_box.cpp">
      <Filter>Source Files</Filter>
    </ClCompile>
    <ClCompile Include="model_parameters.cpp">
      <Filter>Source Files</Filter>
    </ClCompile>
    <ClCompile Include="parameter_list_widget.cpp">
      <Filter>Source Files</Filter>
    </ClCompile>
    <ClCompile Include="project_preview_widget.cpp">
      <Filter>Source Files</Filter>
    </ClCompile>
    <ClCompile Include="em\circular_mode_field.cpp">
      <Filter>Source Files</Filter>
    </ClCompile>
    <ClCompile Include="em\ridged_circular_solver.cpp">
      <Filter>Source Files</Filter>
    </ClCompile>
    <ClCompile Include="em\cylindrical_bessel.cpp">
      <Filter>Source Files</Filter>
    </ClCompile>
    <ClCompile Include="em\gmsh_tetrahedral_mesher.cpp">
      <Filter>Source Files</Filter>
    </ClCompile>
    <ClCompile Include="em\mfem_frequency_domain_backend.cpp">
      <Filter>Source Files</Filter>
    </ClCompile>
    <ClCompile Include="em\mode_matching_iris_solver.cpp">
      <Filter>Source Files</Filter>
    </ClCompile>
    <ClCompile Include="em\analytic_waveguide_solver.cpp">
      <Filter>Source Files</Filter>
    </ClCompile>
    <ClCompile Include="model_serialization.cpp">
      <Filter>Source Files</Filter>
    </ClCompile>
  </ItemGroup>
  <ItemGroup>
    <QtMoc Include="calculation_worker.h">
      <Filter>Header Files</Filter>
    </QtMoc>
    <QtMoc Include="main_window.h">
      <Filter>Header Files</Filter>
    </QtMoc>
    <QtMoc Include="cst_ribbon.h">
      <Filter>Header Files</Filter>
    </QtMoc>
    <QtMoc Include="expression_spin_box.h">
      <Filter>Header Files</Filter>
    </QtMoc>
    <QtMoc Include="parameter_list_widget.h">
      <Filter>Header Files</Filter>
    </QtMoc>
    <QtMoc Include="project_preview_widget.h">
      <Filter>Header Files</Filter>
    </QtMoc>
  </ItemGroup>
  <ItemGroup>
    <ClInclude Include="waveguide_calculator.h">
      <Filter>Header Files</Filter>
    </ClInclude>
    <ClInclude Include="waveguide_opengl_widget.h">
      <Filter>Header Files</Filter>
    </ClInclude>
    <ClInclude Include="waveguide_types.h">
      <Filter>Header Files</Filter>
    </ClInclude>
    <ClInclude Include="em\derived_fields.h">
      <Filter>Header Files\EM</Filter>
    </ClInclude>
    <ClInclude Include="em\em_math.h">
      <Filter>Header Files\EM</Filter>
    </ClInclude>
    <ClInclude Include="em\em_model.h">
      <Filter>Header Files\EM</Filter>
    </ClInclude>
    <ClInclude Include="em\em_solution.h">
      <Filter>Header Files\EM</Filter>
    </ClInclude>
    <ClInclude Include="em\em_solver.h">
      <Filter>Header Files\EM</Filter>
    </ClInclude>
    <ClInclude Include="em\em_solver_dispatcher.h">
      <Filter>Header Files\EM</Filter>
    </ClInclude>
    <ClInclude Include="em\fem_frequency_domain_solver.h">
      <Filter>Header Files\EM</Filter>
    </ClInclude>
    <ClInclude Include="em\rectangular_mode_field.h">
      <Filter>Header Files\EM</Filter>
    </ClInclude>
    <ClInclude Include="em\transverse_pec_partition_solver.h">
      <Filter>Header Files\EM</Filter>
    </ClInclude>
    <ClInclude Include="postprocessing\field_visualization_generator.h">
      <Filter>Header Files\Postprocessing</Filter>
    </ClInclude>
    <ClInclude Include="postprocessing\qt_field_glyph_adapter.h">
      <Filter>Header Files\Postprocessing</Filter>
    </ClInclude>
    <ClInclude Include="postprocessing\slot_excitation_estimator.h">
      <Filter>Header Files\Postprocessing</Filter>
    </ClInclude>
    <ClInclude Include="em\circular_mode_field.h">
      <Filter>Header Files</Filter>
    </ClInclude>
    <ClInclude Include="em\ridged_circular_solver.h">
      <Filter>Header Files</Filter>
    </ClInclude>
    <ClInclude Include="em\cylindrical_bessel.h">
      <Filter>Header Files</Filter>
    </ClInclude>
    <ClInclude Include="em\gmsh_tetrahedral_mesher.h">
      <Filter>Header Files</Filter>
    </ClInclude>
    <ClInclude Include="em\mfem_frequency_domain_backend.h">
      <Filter>Header Files</Filter>
    </ClInclude>
    <ClInclude Include="em\mode_matching_iris_solver.h">
      <Filter>Header Files</Filter>
    </ClInclude>
    <ClInclude Include="em\analytic_waveguide_solver.h">
      <Filter>Header Files</Filter>
    </ClInclude>
    <ClInclude Include="model_parameters.h">
      <Filter>Header Files</Filter>
    </ClInclude>
    <ClInclude Include="model_serialization.h">
      <Filter>Header Files</Filter>
    </ClInclude>
  </ItemGroup>
  <ItemGroup>
    <None Include="waveguide_math.md" />
  </ItemGroup>
</Project>